Microsoft Visual Studio Solution File, Format Version 12.00
# Visual Studio 15
VisualStudioVersion = 15.0.28010.2050
MinimumVisualStudioVersion = 10.0.40219.1
Project("{9A19103F-16F7-4668-BE54-9A1E7A4F7556}") = "Scheduler", "Scheduler\Scheduler.csproj", "{99A39D34-77CE-4E6A-AC5F-498BD44A4B2B}"
EndProject
Project("{2150E333-8FDC-42A3-9474-1A3956D46DE8}") = "Solution Items", "Solution Items", "{B01F84B2-426B-41FF-9E27-48484EF7B50A}"
	ProjectSection(SolutionItems) = preProject
		.gitignore = .gitignore
		azure-pipelines.yml = azure-pipelines.yml
		LICENSE = LICENSE
		README.md = README.md
	EndProjectSection
EndProject
Global
	GlobalSection(SolutionConfigurationPlatforms) = preSolution
		Debug|Any CPU = Debug|Any CPU
		Release|Any CPU = Release|Any CPU
	EndGlobalSection
	GlobalSection(ProjectConfigurationPlatforms) = postSolution
		{99A39D34-77CE-4E6A-AC5F-498BD44A4B2B}.Debug|Any CPU.ActiveCfg = Debug|Any CPU
		{99A39D34-77CE-4E6A-AC5F-498BD44A4B2B}.Debug|Any CPU.Build.0 = Debug|Any CPU
		{99A39D34-77CE-4E6A-AC5F-498BD44A4B2B}.Release|Any CPU.ActiveCfg = Release|Any CPU
		{99A39D34-77CE-4E6A-AC5F-498BD44A4B2B}.Release|Any CPU.Build.0 = Release|Any CPU
	EndGlobalSection
	GlobalSection(SolutionProperties) = preSolution
		HideSolutionNode = FALSE
	EndGlobalSection
	GlobalSection(ExtensibilityGlobals) = postSolution
		SolutionGuid = {D0408715-5A86-41FF-A174-F8A6CF134B82}
	EndGlobalSection
EndGlobal
